# This file is automatically @generated by Cargo.
# It is not intended for manual editing.
version = 4

[[package]]
name = "cc24"
version = "0.1.0"
dependencies = [
 "cc24-codegen",
 "cc24-lexer",
 "cc24-parser",
 "cc24-preprocess",
]

[[package]]
name = "cc24-ast"
version = "0.1.0"
dependencies = [
 "cc24-span",
]

[[package]]
name = "cc24-codegen"
version = "0.1.0"
dependencies = [
 "cc24-ast",
]

[[package]]
name = "cc24-error"
version = "0.1.0"
dependencies = [
 "cc24-span",
]

[[package]]
name = "cc24-lexer"
version = "0.1.0"
dependencies = [
 "cc24-error",
 "cc24-span",
 "cc24-token",
]

[[package]]
name = "cc24-parse-stream"
version = "0.1.0"
dependencies = [
 "cc24-error",
 "cc24-span",
 "cc24-token",
]

[[package]]
name = "cc24-parser"
version = "0.1.0"
dependencies = [
 "cc24-ast",
 "cc24-error",
 "cc24-parse-stream",
 "cc24-span",
 "cc24-token",
]

[[package]]
name = "cc24-preprocess"
version = "0.1.0"

[[package]]
name = "cc24-span"
version = "0.1.0"

[[package]]
name = "cc24-token"
version = "0.1.0"
dependencies = [
 "cc24-span",
]
