# This file is automatically @generated by Cargo.
# It is not intended for manual editing.
version = 4

[[package]]
name = "cc24-ast"
version = "0.1.0"
dependencies = [
 "cc24-span",
]

[[package]]
name = "cc24-codegen-state"
version = "0.1.0"
dependencies = [
 "cc24-ast",
]

[[package]]
name = "cc24-emit-core"
version = "0.1.0"
dependencies = [
 "cc24-codegen-state",
 "cc24-emit-macros",
]

[[package]]
name = "cc24-emit-macros"
version = "0.1.0"

[[package]]
name = "cc24-span"
version = "0.1.0"

[[package]]
name = "cc24-struct-isr"
version = "0.1.0"
dependencies = [
 "cc24-codegen-state",
 "cc24-emit-macros",
 "cc24-struct-prologue",
]

[[package]]
name = "cc24-struct-locals"
version = "0.1.0"
dependencies = [
 "cc24-ast",
 "cc24-codegen-state",
]

[[package]]
name = "cc24-struct-prologue"
version = "0.1.0"
dependencies = [
 "cc24-codegen-state",
 "cc24-emit-core",
 "cc24-emit-macros",
]
