# This file is automatically @generated by Cargo.
# It is not intended for manual editing.
version = 4

[[package]]
name = "cc24-ast"
version = "0.1.0"
dependencies = [
 "cc24-span",
]

[[package]]
name = "cc24-codegen-state"
version = "0.1.0"
dependencies = [
 "cc24-ast",
]

[[package]]
name = "cc24-emit-core"
version = "0.1.0"
dependencies = [
 "cc24-codegen-state",
 "cc24-emit-macros",
]

[[package]]
name = "cc24-emit-load-store"
version = "0.1.0"
dependencies = [
 "cc24-ast",
 "cc24-codegen-state",
 "cc24-emit-core",
 "cc24-emit-macros",
]

[[package]]
name = "cc24-emit-macros"
version = "0.1.0"

[[package]]
name = "cc24-ops-arithmetic"
version = "0.1.0"
dependencies = [
 "cc24-ast",
 "cc24-codegen-state",
 "cc24-emit-core",
 "cc24-emit-macros",
 "cc24-type-infer",
]

[[package]]
name = "cc24-ops-bitwise"
version = "0.1.0"
dependencies = [
 "cc24-codegen-state",
 "cc24-emit-macros",
]

[[package]]
name = "cc24-ops-compare"
version = "0.1.0"
dependencies = [
 "cc24-codegen-state",
 "cc24-emit-macros",
]

[[package]]
name = "cc24-ops-divmod"
version = "0.1.0"
dependencies = [
 "cc24-codegen-state",
 "cc24-emit-macros",
]

[[package]]
name = "cc24-ops-incdec"
version = "0.1.0"
dependencies = [
 "cc24-codegen-state",
 "cc24-emit-core",
 "cc24-emit-load-store",
 "cc24-emit-macros",
]

[[package]]
name = "cc24-ops-logical"
version = "0.1.0"
dependencies = [
 "cc24-ast",
 "cc24-codegen-state",
 "cc24-emit-core",
 "cc24-emit-macros",
]

[[package]]
name = "cc24-ops-unary"
version = "0.1.0"
dependencies = [
 "cc24-ast",
 "cc24-codegen-state",
 "cc24-emit-macros",
]

[[package]]
name = "cc24-span"
version = "0.1.0"

[[package]]
name = "cc24-type-infer"
version = "0.1.0"
dependencies = [
 "cc24-ast",
 "cc24-codegen-state",
]
