# This file is automatically @generated by Cargo.
# It is not intended for manual editing.
version = 4

[[package]]
name = "cc24-asm-dsl"
version = "0.1.0"

[[package]]
name = "cc24-dispatch"
version = "0.1.0"

[[package]]
name = "cc24-emit-macros"
version = "0.1.0"

[[package]]
name = "cc24-handler-macros"
version = "0.1.0"
dependencies = [
 "cc24-dispatch",
]

[[package]]
name = "cc24-macros-tests"
version = "0.1.0"
dependencies = [
 "cc24-asm-dsl",
 "cc24-dispatch",
 "cc24-emit-macros",
 "cc24-handler-macros",
]
